Microsoft Visual Studio Solution File, Format Version 12.00
# Visual Studio Version 17
VisualStudioVersion = 17.5.2.0
MinimumVisualStudioVersion = 10.0.40219.1
Project("{FAE04EC0-301F-11D3-BF4B-00C04F79EFBC}") = "SimpleStock.Web", "SimpleStock.Web\SimpleStock.Web.csproj", "{257FA2A5-AAE4-080A-F1E6-81C8A569D7AD}"
EndProject
Project("{FAE04EC0-301F-11D3-BF4B-00C04F79EFBC}") = "SimpleStock.McpServer", "SimpleStock.McpServer\SimpleStock.McpServer.csproj", "{03955333-15B5-497B-A88B-F3CF0B405A71}"
EndProject
Project("{FAE04EC0-301F-11D3-BF4B-00C04F79EFBC}") = "SimpleStock.Chat", "SimpleStock.Chat\SimpleStock.Chat.csproj", "{596E98B9-63B5-4C8C-8333-426262607AA5}"
EndProject
Global
	GlobalSection(SolutionConfigurationPlatforms) = preSolution
		Debug|Any CPU = Debug|Any CPU
		Release|Any CPU = Release|Any CPU
	EndGlobalSection
	GlobalSection(ProjectConfigurationPlatforms) = postSolution
		{257FA2A5-AAE4-080A-F1E6-81C8A569D7AD}.Debug|Any CPU.ActiveCfg = Debug|Any CPU
		{257FA2A5-AAE4-080A-F1E6-81C8A569D7AD}.Debug|Any CPU.Build.0 = Debug|Any CPU
		{257FA2A5-AAE4-080A-F1E6-81C8A569D7AD}.Release|Any CPU.ActiveCfg = Release|Any CPU
		{257FA2A5-AAE4-080A-F1E6-81C8A569D7AD}.Release|Any CPU.Build.0 = Release|Any CPU
		{03955333-15B5-497B-A88B-F3CF0B405A71}.Debug|Any CPU.ActiveCfg = Debug|Any CPU
		{03955333-15B5-497B-A88B-F3CF0B405A71}.Debug|Any CPU.Build.0 = Debug|Any CPU
		{03955333-15B5-497B-A88B-F3CF0B405A71}.Release|Any CPU.ActiveCfg = Release|Any CPU
		{03955333-15B5-497B-A88B-F3CF0B405A71}.Release|Any CPU.Build.0 = Release|Any CPU
		{596E98B9-63B5-4C8C-8333-426262607AA5}.Debug|Any CPU.ActiveCfg = Debug|Any CPU
		{596E98B9-63B5-4C8C-8333-426262607AA5}.Debug|Any CPU.Build.0 = Debug|Any CPU
		{596E98B9-63B5-4C8C-8333-426262607AA5}.Release|Any CPU.ActiveCfg = Release|Any CPU
		{596E98B9-63B5-4C8C-8333-426262607AA5}.Release|Any CPU.Build.0 = Release|Any CPU
	EndGlobalSection
	GlobalSection(SolutionProperties) = preSolution
		HideSolutionNode = FALSE
	EndGlobalSection
	GlobalSection(ExtensibilityGlobals) = postSolution
		SolutionGuid = {AFAB3610-BE73-47F9-93A4-21EC9D77B58D}
	EndGlobalSection
EndGlobal
